name: Sync package lock

on:
  push:
    branches:
      - main
    paths:
      - .github/workflows/sync-package-lock.yml
  workflow_dispatch:

permissions:
  contents: write

jobs:
  sync:
    runs-on: ubuntu-latest
    steps:
      - name: Check out repository
        uses: actions/checkout@v4

      - name: Set up Node.js
        uses: actions/setup-node@v4
        with:
          node-version: 20
          cache: npm

      - name: Regenerate package lock
        run: npm install --package-lock-only --ignore-scripts --no-audit --no-fund

      - name: Commit package-lock.json
        run: |
          if git diff --quiet -- package-lock.json; then
            echo "package-lock.json already in sync"
            exit 0
          fi
          git config user.name "github-actions[bot]"
          git config user.email "41898282+github-actions[bot]@users.noreply.github.com"
          git add package-lock.json
          git commit -m "fix(ci): sync Stripe dependency lockfile"
          git push
